
Microsoft Visual Studio Solution File, Format Version 12.00
# Visual Studio 15
VisualStudioVersion = 15.0.27130.2036
MinimumVisualStudioVersion = 10.0.40219.1
Project("{9A19103F-16F7-4668-BE54-9A1E7A4F7556}") = "MiniCover", "src\MiniCover\MiniCover.csproj", "{CE06DCCF-32DB-44F2-B6D8-37DD0395C406}"
EndProject
Project("{9A19103F-16F7-4668-BE54-9A1E7A4F7556}") = "MiniCover.XUnit.Tests", "test\MiniCover.XUnit.Tests\MiniCover.XUnit.Tests.csproj", "{78E87245-EB9E-4B68-BB3C-75ED0BA4E1FC}"
EndProject
Project("{9A19103F-16F7-4668-BE54-9A1E7A4F7556}") = "MiniCover.NUnit.Tests", "test\MiniCover.NUnit.Tests\MiniCover.NUnit.Tests.csproj", "{01757BB0-81E7-496F-AA0C-8CB3AB4C9760}"
EndProject
Project("{9A19103F-16F7-4668-BE54-9A1E7A4F7556}") = "MiniCover.Tests", "test\MiniCover.Tests\MiniCover.Tests.csproj", "{2D96D8D4-F62E-4A1C-B4A1-86524C7FECFB}"
EndProject
Project("{9A19103F-16F7-4668-BE54-9A1E7A4F7556}") = "depsman", "depsman\depsman.csproj", "{CF2E0721-2F5E-483D-868F-38A56135FDD1}"
EndProject
Project("{2150E333-8FDC-42A3-9474-1A3956D46DE8}") = "Tests", "Tests", "{25CD7B18-2533-45B3-A225-041DC618680A}"
	ProjectSection(SolutionItems) = preProject
		run.sh = run.sh
	EndProjectSection
EndProject
Global
	GlobalSection(SolutionConfigurationPlatforms) = preSolution
		Debug|Any CPU = Debug|Any CPU
		Debug|x64 = Debug|x64
		Debug|x86 = Debug|x86
		Release|Any CPU = Release|Any CPU
		Release|x64 = Release|x64
		Release|x86 = Release|x86
	EndGlobalSection
	GlobalSection(ProjectConfigurationPlatforms) = postSolution
		{CE06DCCF-32DB-44F2-B6D8-37DD0395C406}.Debug|Any CPU.ActiveCfg = Debug|Any CPU
		{CE06DCCF-32DB-44F2-B6D8-37DD0395C406}.Debug|Any CPU.Build.0 = Debug|Any CPU
		{CE06DCCF-32DB-44F2-B6D8-37DD0395C406}.Debug|x64.ActiveCfg = Debug|Any CPU
		{CE06DCCF-32DB-44F2-B6D8-37DD0395C406}.Debug|x64.Build.0 = Debug|Any CPU
		{CE06DCCF-32DB-44F2-B6D8-37DD0395C406}.Debug|x86.ActiveCfg = Debug|Any CPU
		{CE06DCCF-32DB-44F2-B6D8-37DD0395C406}.Debug|x86.Build.0 = Debug|Any CPU
		{CE06DCCF-32DB-44F2-B6D8-37DD0395C406}.Release|Any CPU.ActiveCfg = Release|Any CPU
		{CE06DCCF-32DB-44F2-B6D8-37DD0395C406}.Release|Any CPU.Build.0 = Release|Any CPU
		{CE06DCCF-32DB-44F2-B6D8-37DD0395C406}.Release|x64.ActiveCfg = Release|Any CPU
		{CE06DCCF-32DB-44F2-B6D8-37DD0395C406}.Release|x64.Build.0 = Release|Any CPU
		{CE06DCCF-32DB-44F2-B6D8-37DD0395C406}.Release|x86.ActiveCfg = Release|Any CPU
		{CE06DCCF-32DB-44F2-B6D8-37DD0395C406}.Release|x86.Build.0 = Release|Any CPU
		{78E87245-EB9E-4B68-BB3C-75ED0BA4E1FC}.Debug|Any CPU.ActiveCfg = Debug|Any CPU
		{78E87245-EB9E-4B68-BB3C-75ED0BA4E1FC}.Debug|Any CPU.Build.0 = Debug|Any CPU
		{78E87245-EB9E-4B68-BB3C-75ED0BA4E1FC}.Debug|x64.ActiveCfg = Debug|Any CPU
		{78E87245-EB9E-4B68-BB3C-75ED0BA4E1FC}.Debug|x64.Build.0 = Debug|Any CPU
		{78E87245-EB9E-4B68-BB3C-75ED0BA4E1FC}.Debug|x86.ActiveCfg = Debug|Any CPU
		{78E87245-EB9E-4B68-BB3C-75ED0BA4E1FC}.Debug|x86.Build.0 = Debug|Any CPU
		{78E87245-EB9E-4B68-BB3C-75ED0BA4E1FC}.Release|Any CPU.ActiveCfg = Release|Any CPU
		{78E87245-EB9E-4B68-BB3C-75ED0BA4E1FC}.Release|Any CPU.Build.0 = Release|Any CPU
		{78E87245-EB9E-4B68-BB3C-75ED0BA4E1FC}.Release|x64.ActiveCfg = Release|Any CPU
		{78E87245-EB9E-4B68-BB3C-75ED0BA4E1FC}.Release|x64.Build.0 = Release|Any CPU
		{78E87245-EB9E-4B68-BB3C-75ED0BA4E1FC}.Release|x86.ActiveCfg = Release|Any CPU
		{78E87245-EB9E-4B68-BB3C-75ED0BA4E1FC}.Release|x86.Build.0 = Release|Any CPU
		{01757BB0-81E7-496F-AA0C-8CB3AB4C9760}.Debug|Any CPU.ActiveCfg = Debug|Any CPU
		{01757BB0-81E7-496F-AA0C-8CB3AB4C9760}.Debug|Any CPU.Build.0 = Debug|Any CPU
		{01757BB0-81E7-496F-AA0C-8CB3AB4C9760}.Debug|x64.ActiveCfg = Debug|Any CPU
		{01757BB0-81E7-496F-AA0C-8CB3AB4C9760}.Debug|x64.Build.0 = Debug|Any CPU
		{01757BB0-81E7-496F-AA0C-8CB3AB4C9760}.Debug|x86.ActiveCfg = Debug|Any CPU
		{01757BB0-81E7-496F-AA0C-8CB3AB4C9760}.Debug|x86.Build.0 = Debug|Any CPU
		{01757BB0-81E7-496F-AA0C-8CB3AB4C9760}.Release|Any CPU.ActiveCfg = Release|Any CPU
		{01757BB0-81E7-496F-AA0C-8CB3AB4C9760}.Release|Any CPU.Build.0 = Release|Any CPU
		{01757BB0-81E7-496F-AA0C-8CB3AB4C9760}.Release|x64.ActiveCfg = Release|Any CPU
		{01757BB0-81E7-496F-AA0C-8CB3AB4C9760}.Release|x64.Build.0 = Release|Any CPU
		{01757BB0-81E7-496F-AA0C-8CB3AB4C9760}.Release|x86.ActiveCfg = Release|Any CPU
		{01757BB0-81E7-496F-AA0C-8CB3AB4C9760}.Release|x86.Build.0 = Release|Any CPU
		{2D96D8D4-F62E-4A1C-B4A1-86524C7FECFB}.Debug|Any CPU.ActiveCfg = Debug|Any CPU
		{2D96D8D4-F62E-4A1C-B4A1-86524C7FECFB}.Debug|Any CPU.Build.0 = Debug|Any CPU
		{2D96D8D4-F62E-4A1C-B4A1-86524C7FECFB}.Debug|x64.ActiveCfg = Debug|Any CPU
		{2D96D8D4-F62E-4A1C-B4A1-86524C7FECFB}.Debug|x64.Build.0 = Debug|Any CPU
		{2D96D8D4-F62E-4A1C-B4A1-86524C7FECFB}.Debug|x86.ActiveCfg = Debug|Any CPU
		{2D96D8D4-F62E-4A1C-B4A1-86524C7FECFB}.Debug|x86.Build.0 = Debug|Any CPU
		{2D96D8D4-F62E-4A1C-B4A1-86524C7FECFB}.Release|Any CPU.ActiveCfg = Release|Any CPU
		{2D96D8D4-F62E-4A1C-B4A1-86524C7FECFB}.Release|Any CPU.Build.0 = Release|Any CPU
		{2D96D8D4-F62E-4A1C-B4A1-86524C7FECFB}.Release|x64.ActiveCfg = Release|Any CPU
		{2D96D8D4-F62E-4A1C-B4A1-86524C7FECFB}.Release|x64.Build.0 = Release|Any CPU
		{2D96D8D4-F62E-4A1C-B4A1-86524C7FECFB}.Release|x86.ActiveCfg = Release|Any CPU
		{2D96D8D4-F62E-4A1C-B4A1-86524C7FECFB}.Release|x86.Build.0 = Release|Any CPU
		{CF2E0721-2F5E-483D-868F-38A56135FDD1}.Debug|Any CPU.ActiveCfg = Debug|Any CPU
		{CF2E0721-2F5E-483D-868F-38A56135FDD1}.Debug|Any CPU.Build.0 = Debug|Any CPU
		{CF2E0721-2F5E-483D-868F-38A56135FDD1}.Debug|x64.ActiveCfg = Debug|Any CPU
		{CF2E0721-2F5E-483D-868F-38A56135FDD1}.Debug|x64.Build.0 = Debug|Any CPU
		{CF2E0721-2F5E-483D-868F-38A56135FDD1}.Debug|x86.ActiveCfg = Debug|Any CPU
		{CF2E0721-2F5E-483D-868F-38A56135FDD1}.Debug|x86.Build.0 = Debug|Any CPU
		{CF2E0721-2F5E-483D-868F-38A56135FDD1}.Release|Any CPU.ActiveCfg = Release|Any CPU
		{CF2E0721-2F5E-483D-868F-38A56135FDD1}.Release|Any CPU.Build.0 = Release|Any CPU
		{CF2E0721-2F5E-483D-868F-38A56135FDD1}.Release|x64.ActiveCfg = Release|Any CPU
		{CF2E0721-2F5E-483D-868F-38A56135FDD1}.Release|x64.Build.0 = Release|Any CPU
		{CF2E0721-2F5E-483D-868F-38A56135FDD1}.Release|x86.ActiveCfg = Release|Any CPU
		{CF2E0721-2F5E-483D-868F-38A56135FDD1}.Release|x86.Build.0 = Release|Any CPU
	EndGlobalSection
	GlobalSection(SolutionProperties) = preSolution
		HideSolutionNode = FALSE
	EndGlobalSection
	GlobalSection(ExtensibilityGlobals) = postSolution
		SolutionGuid = {C9809608-5E38-4E98-80B5-7CD7859FF4E8}
	EndGlobalSection
EndGlobal
